# This file is automatically @generated by Cargo.
# It is not intended for manual editing.
version = 3

[[package]]
name = "arrayvec"
version = "0.7.4"
source = "registry+https://github.com/rust-lang/crates.io-index"
checksum = "96d30a06541fbafbc7f82ed10c06164cfbd2c401138f6addd8404629c4b16711"

[[package]]
name = "autocfg"
version = "1.1.0"
source = "registry+https://github.com/rust-lang/crates.io-index"
checksum = "d468802bab17cbc0cc575e9b053f41e72aa36bfa6b7f55e3529ffa43161b97fa"

[[package]]
name = "grid"
version = "0.1.0"
dependencies = [
 "library",
]

[[package]]
name = "grid"
version = "0.10.0"
source = "registry+https://github.com/rust-lang/crates.io-index"
checksum = "eec1c01eb1de97451ee0d60de7d81cf1e72aabefb021616027f3d1c3ec1c723c"

[[package]]
name = "library"
version = "0.1.0"
dependencies = [
 "taffy",
]

[[package]]
name = "num-traits"
version = "0.2.17"
source = "registry+https://github.com/rust-lang/crates.io-index"
checksum = "39e3200413f237f41ab11ad6d161bc7239c84dcb631773ccd7de3dfe4b5c267c"
dependencies = [
 "autocfg",
]

[[package]]
name = "slotmap"
version = "1.0.6"
source = "registry+https://github.com/rust-lang/crates.io-index"
checksum = "e1e08e261d0e8f5c43123b7adf3e4ca1690d655377ac93a03b2c9d3e98de1342"
dependencies = [
 "version_check",
]

[[package]]
name = "taffy"
version = "0.3.16"
source = "registry+https://github.com/rust-lang/crates.io-index"
checksum = "c488aa2bf4bb0cafed312e0876b79a591e3cfa47391f842b7198f9a56547561b"
dependencies = [
 "arrayvec",
 "grid 0.10.0",
 "num-traits",
 "slotmap",
]

[[package]]
name = "version_check"
version = "0.9.4"
source = "registry+https://github.com/rust-lang/crates.io-index"
checksum = "49874b5167b65d7193b8aba1567f5c7d93d001cafc34600cee003eda787e483f"
